
Microsoft Visual Studio Solution File, Format Version 12.00
# Visual Studio 14
VisualStudioVersion = 14.0.25420.1
MinimumVisualStudioVersion = 10.0.40219.1
Project("{FAE04EC0-301F-11D3-BF4B-00C04F79EFBC}") = "Stack Exchange Voting Utility", "Stack Exchange Voting Utility\Stack Exchange Voting Utility.csproj", "{E1D29F09-63A9-4ED4-89CA-44F23178A582}"
EndProject
Project("{2150E333-8FDC-42A3-9474-1A3956D46DE8}") = "Solution Items", "Solution Items", "{4B83A0F5-96AB-4B32-B608-2304ECDC4313}"
	ProjectSection(SolutionItems) = preProject
		.gitattributes = .gitattributes
		.gitignore = .gitignore
		LICENSE.txt = LICENSE.txt
		README.md = README.md
	EndProjectSection
EndProject
Project("{FAE04EC0-301F-11D3-BF4B-00C04F79EFBC}") = "Evbpc.Framework", "..\Evbpc.Framework\Evbpc.Framework\Evbpc.Framework.csproj", "{91B3B072-1736-4684-853B-A9682B06C8B6}"
EndProject
Global
	GlobalSection(SolutionConfigurationPlatforms) = preSolution
		Debug|Any CPU = Debug|Any CPU
		Debug|x86 = Debug|x86
		Release|Any CPU = Release|Any CPU
		Release|x86 = Release|x86
	EndGlobalSection
	GlobalSection(ProjectConfigurationPlatforms) = postSolution
		{E1D29F09-63A9-4ED4-89CA-44F23178A582}.Debug|Any CPU.ActiveCfg = Debug|Any CPU
		{E1D29F09-63A9-4ED4-89CA-44F23178A582}.Debug|Any CPU.Build.0 = Debug|Any CPU
		{E1D29F09-63A9-4ED4-89CA-44F23178A582}.Debug|x86.ActiveCfg = Debug|Any CPU
		{E1D29F09-63A9-4ED4-89CA-44F23178A582}.Debug|x86.Build.0 = Debug|Any CPU
		{E1D29F09-63A9-4ED4-89CA-44F23178A582}.Release|Any CPU.ActiveCfg = Release|Any CPU
		{E1D29F09-63A9-4ED4-89CA-44F23178A582}.Release|Any CPU.Build.0 = Release|Any CPU
		{E1D29F09-63A9-4ED4-89CA-44F23178A582}.Release|x86.ActiveCfg = Release|Any CPU
		{E1D29F09-63A9-4ED4-89CA-44F23178A582}.Release|x86.Build.0 = Release|Any CPU
		{91B3B072-1736-4684-853B-A9682B06C8B6}.Debug|Any CPU.ActiveCfg = Debug|Any CPU
		{91B3B072-1736-4684-853B-A9682B06C8B6}.Debug|Any CPU.Build.0 = Debug|Any CPU
		{91B3B072-1736-4684-853B-A9682B06C8B6}.Debug|x86.ActiveCfg = Debug|x86
		{91B3B072-1736-4684-853B-A9682B06C8B6}.Debug|x86.Build.0 = Debug|x86
		{91B3B072-1736-4684-853B-A9682B06C8B6}.Release|Any CPU.ActiveCfg = Release|Any CPU
		{91B3B072-1736-4684-853B-A9682B06C8B6}.Release|Any CPU.Build.0 = Release|Any CPU
		{91B3B072-1736-4684-853B-A9682B06C8B6}.Release|x86.ActiveCfg = Release|x86
		{91B3B072-1736-4684-853B-A9682B06C8B6}.Release|x86.Build.0 = Release|x86
	EndGlobalSection
	GlobalSection(SolutionProperties) = preSolution
		HideSolutionNode = FALSE
	EndGlobalSection
EndGlobal
